
Microsoft Visual Studio Solution File, Format Version 12.00
# Visual Studio Version 17
VisualStudioVersion = 17.0.32014.148
MinimumVisualStudioVersion = 10.0.40219.1
Project("{FAE04EC0-301F-11D3-BF4B-00C04F79EFBC}") = "projetodepizzaria", "projetodepizzaria\projetodepizzaria.csproj", "{A74B470B-C6A7-4889-8112-BD477051418D}"
EndProject
Project("{2150E333-8FDC-42A3-9474-1A3956D46DE8}") = "Image", "Image", "{B44B17C6-CC0B-4BB3-B537-3795AED53F51}"
EndProject
Global
	GlobalSection(SolutionConfigurationPlatforms) = preSolution
		Debug|Any CPU = Debug|Any CPU
		Release|Any CPU = Release|Any CPU
	EndGlobalSection
	GlobalSection(ProjectConfigurationPlatforms) = postSolution
		{A74B470B-C6A7-4889-8112-BD477051418D}.Debug|Any CPU.ActiveCfg = Debug|Any CPU
		{A74B470B-C6A7-4889-8112-BD477051418D}.Debug|Any CPU.Build.0 = Debug|Any CPU
		{A74B470B-C6A7-4889-8112-BD477051418D}.Release|Any CPU.ActiveCfg = Release|Any CPU
		{A74B470B-C6A7-4889-8112-BD477051418D}.Release|Any CPU.Build.0 = Release|Any CPU
	EndGlobalSection
	GlobalSection(SolutionProperties) = preSolution
		HideSolutionNode = FALSE
	EndGlobalSection
	GlobalSection(ExtensibilityGlobals) = postSolution
		SolutionGuid = {7EE92C8F-AEDD-41C7-9003-ED341BB83DE5}
	EndGlobalSection
EndGlobal
